{
  "projects": [
    {
      "projectId": "seaQhLVS4bbjiGvJJrRwyL",
      "version": "15.0.3",
      "dependencies": {},
      "lang": "ts",
      "fileLocks": [
        {
          "assetId": "seaQhLVS4bbjiGvJJrRwyL",
          "type": "projectCss",
          "checksum": "96d0c5256c70ddefc2366d3580ce9213"
        }
      ],
      "codegenVersion": "0.0.1"
    },
    {
      "projectId": "5VuZBYsf9XShsH8JN1E7RG",
      "version": "latest",
      "dependencies": {
        "seaQhLVS4bbjiGvJJrRwyL": "15.0.3"
      },
      "lang": "ts",
      "fileLocks": [
        {
          "type": "globalVariant",
          "assetId": "njLjKdr2AGm9f7",
          "checksum": "fd97d6fe4aa289d70144bfbe7783cff8"
        },
        {
          "assetId": "5VuZBYsf9XShsH8JN1E7RG",
          "type": "projectCss",
          "checksum": "5a4c6e6fce3560e730077ce9210e4526"
        },
        {
          "type": "renderModule",
          "assetId": "M57Gw6oGV1ap4",
          "checksum": "baa306e98bf667e49592ed19756d0a18"
        },
        {
          "type": "cssRules",
          "assetId": "M57Gw6oGV1ap4",
          "checksum": "baa306e98bf667e49592ed19756d0a18"
        },
        {
          "type": "renderModule",
          "assetId": "wX8V0L1xhHdJc",
          "checksum": "9a1f991798f694449f953bd50a0d58b4"
        },
        {
          "type": "cssRules",
          "assetId": "wX8V0L1xhHdJc",
          "checksum": "9a1f991798f694449f953bd50a0d58b4"
        },
        {
          "type": "renderModule",
          "assetId": "r0XKLvlIvZxeK",
          "checksum": "0253643f5d7a85618eb11a0a7cbb07ad"
        },
        {
          "type": "cssRules",
          "assetId": "r0XKLvlIvZxeK",
          "checksum": "0253643f5d7a85618eb11a0a7cbb07ad"
        },
        {
          "type": "renderModule",
          "assetId": "_ovNmxtbbxZst",
          "checksum": "924ea4e531bc3d1e11590fadc02f9c34"
        },
        {
          "type": "cssRules",
          "assetId": "_ovNmxtbbxZst",
          "checksum": "924ea4e531bc3d1e11590fadc02f9c34"
        },
        {
          "type": "renderModule",
          "assetId": "a4Y-Hq6o2G_xa",
          "checksum": "9ebdc682933d3d213710d3035e720bbe"
        },
        {
          "type": "cssRules",
          "assetId": "a4Y-Hq6o2G_xa",
          "checksum": "9ebdc682933d3d213710d3035e720bbe"
        },
        {
          "type": "renderModule",
          "assetId": "f1QrNbh-4JGl8",
          "checksum": "34765c3f85fc58b1e3e7933b871cd899"
        },
        {
          "type": "cssRules",
          "assetId": "f1QrNbh-4JGl8",
          "checksum": "34765c3f85fc58b1e3e7933b871cd899"
        },
        {
          "type": "renderModule",
          "assetId": "HQ-KRKWD-BLbW",
          "checksum": "7797b1e4bf7b1e3c436150ac577992ca"
        },
        {
          "type": "cssRules",
          "assetId": "HQ-KRKWD-BLbW",
          "checksum": "7797b1e4bf7b1e3c436150ac577992ca"
        },
        {
          "type": "renderModule",
          "assetId": "SQD5u7FMzy4Rj",
          "checksum": "8f651973e31bf580bc45a4e85b1aed8f"
        },
        {
          "type": "cssRules",
          "assetId": "SQD5u7FMzy4Rj",
          "checksum": "8f651973e31bf580bc45a4e85b1aed8f"
        },
        {
          "type": "renderModule",
          "assetId": "LPn3X0WOAI1NFY",
          "checksum": "43425cbeec185289db2950dbf81d89de"
        },
        {
          "type": "cssRules",
          "assetId": "LPn3X0WOAI1NFY",
          "checksum": "43425cbeec185289db2950dbf81d89de"
        },
        {
          "type": "renderModule",
          "assetId": "Ns7BOReE0trlan",
          "checksum": "4930bd0574fd4e48a845b306849d8cd8"
        },
        {
          "type": "cssRules",
          "assetId": "Ns7BOReE0trlan",
          "checksum": "4930bd0574fd4e48a845b306849d8cd8"
        },
        {
          "type": "renderModule",
          "assetId": "lJKnMWacxDx8LT",
          "checksum": "67687b9a76a1d4e2603dc0cf5a454365"
        },
        {
          "type": "cssRules",
          "assetId": "lJKnMWacxDx8LT",
          "checksum": "67687b9a76a1d4e2603dc0cf5a454365"
        },
        {
          "type": "renderModule",
          "assetId": "9lO5Mrw7VWa6cw",
          "checksum": "43b1a3ba0508c30d38519c92a04b7a56"
        },
        {
          "type": "cssRules",
          "assetId": "9lO5Mrw7VWa6cw",
          "checksum": "43b1a3ba0508c30d38519c92a04b7a56"
        },
        {
          "type": "renderModule",
          "assetId": "MCZubOScHQegmi",
          "checksum": "c5188345b5812715cb1b87d730226b39"
        },
        {
          "type": "cssRules",
          "assetId": "MCZubOScHQegmi",
          "checksum": "c5188345b5812715cb1b87d730226b39"
        },
        {
          "type": "renderModule",
          "assetId": "xs2fNy0jjNRfgJ",
          "checksum": "acbb060f9d830bee7df23774aae04922"
        },
        {
          "type": "cssRules",
          "assetId": "xs2fNy0jjNRfgJ",
          "checksum": "acbb060f9d830bee7df23774aae04922"
        },
        {
          "type": "renderModule",
          "assetId": "qFGWBK_MfVBLaM",
          "checksum": "f67d84a48aea372ee7face6cf4121886"
        },
        {
          "type": "cssRules",
          "assetId": "qFGWBK_MfVBLaM",
          "checksum": "f67d84a48aea372ee7face6cf4121886"
        },
        {
          "type": "renderModule",
          "assetId": "sQp0QwchPesocp",
          "checksum": "386daa7f145ff1d09b37a92663b9aaec"
        },
        {
          "type": "cssRules",
          "assetId": "sQp0QwchPesocp",
          "checksum": "386daa7f145ff1d09b37a92663b9aaec"
        },
        {
          "type": "renderModule",
          "assetId": "_YZ2ilro2tnpiR",
          "checksum": "9672dd37da393eadbe486bb525e660e4"
        },
        {
          "type": "cssRules",
          "assetId": "_YZ2ilro2tnpiR",
          "checksum": "9672dd37da393eadbe486bb525e660e4"
        },
        {
          "type": "renderModule",
          "assetId": "CI0PNHKYjBuNca",
          "checksum": "1505189ddf67cf92f50cf2a59d76098f"
        },
        {
          "type": "cssRules",
          "assetId": "CI0PNHKYjBuNca",
          "checksum": "1505189ddf67cf92f50cf2a59d76098f"
        },
        {
          "type": "renderModule",
          "assetId": "sIOvHS6h62",
          "checksum": "0c20b7d0d46e87fd41104c59e4b8b327"
        },
        {
          "type": "cssRules",
          "assetId": "sIOvHS6h62",
          "checksum": "0c20b7d0d46e87fd41104c59e4b8b327"
        },
        {
          "type": "icon",
          "assetId": "-ivwnfL97LCLbL",
          "checksum": "118c11605ea4dc503c14f6243fa35fa5"
        },
        {
          "type": "icon",
          "assetId": "0A95z8OLmlTPSk",
          "checksum": "aa1218a94bbb1821faea85c2151b236f"
        },
        {
          "type": "icon",
          "assetId": "yhNODaRPeWdHxV",
          "checksum": "a252664fcfa80f8b7da6a9d9b13a7397"
        },
        {
          "type": "icon",
          "assetId": "O5RZGCGhd8opZc",
          "checksum": "c497580aad17190bc60e75789f81635b"
        },
        {
          "type": "icon",
          "assetId": "z5XpRFuCtLjRwb",
          "checksum": "c8e28e653a43d0149e636cc1e8809d65"
        },
        {
          "type": "icon",
          "assetId": "PQRPJH6ZsxiJ3s",
          "checksum": "e556b9b9c0c270ba1b37b25bb0ab4bd0"
        },
        {
          "type": "icon",
          "assetId": "Ride7gwHV82gr1",
          "checksum": "c07aea5701faf845992bbdb1fde04223"
        },
        {
          "type": "icon",
          "assetId": "MiSASlHhRRN-RZ",
          "checksum": "cabff4016bdff96123455503ac241c9a"
        },
        {
          "type": "icon",
          "assetId": "TjeyXFe0m_4rY4",
          "checksum": "5442a94b2a97d30aac0ecfed5e146d91"
        },
        {
          "type": "icon",
          "assetId": "N6EHhaJlFfE7w2",
          "checksum": "854a1b906bad3f90f13e05c59211e8a5"
        },
        {
          "type": "icon",
          "assetId": "YNjWyqG4WX9aG3",
          "checksum": "6901902baf535280a8297a8a8c357e96"
        },
        {
          "type": "icon",
          "assetId": "GUpGIoV19iKkx7",
          "checksum": "582e3eea711b36100f269818617e9a39"
        },
        {
          "type": "icon",
          "assetId": "d5cIcRtIxG5B6-",
          "checksum": "6e2f094f4e8f6fd09b0005677ea52a1d"
        },
        {
          "type": "icon",
          "assetId": "1gCVEBH8OVcT2B",
          "checksum": "998db15006bb4a67a44c7ac717ede969"
        },
        {
          "type": "icon",
          "assetId": "Th2aX5QnRUzhAB",
          "checksum": "4c80419fe44612c4731cb0300b452372"
        },
        {
          "type": "icon",
          "assetId": "DSYEAN2m7eBeXU",
          "checksum": "8ea3d2986fce8dc61dd71ee0c68bde24"
        },
        {
          "type": "icon",
          "assetId": "LmkWQMrksu2EFs",
          "checksum": "2a7b0afe5af496536c758703bbc419c6"
        },
        {
          "type": "icon",
          "assetId": "xBkqWkhGPoL7xz",
          "checksum": "e7c3dbd81595805756ef56242e4be4f9"
        },
        {
          "type": "icon",
          "assetId": "fpXIlHKjxhR6nP",
          "checksum": "a5862d5eec0b823ea01f98a46432a8a4"
        },
        {
          "type": "icon",
          "assetId": "Kpt0eQGbCIOiyO",
          "checksum": "c94f3a8b798b1dbaf5928ac0a0bdbb92"
        },
        {
          "type": "icon",
          "assetId": "mUEok-zOcOYT2V",
          "checksum": "905f8b1a5d07240f84808a5925043229"
        },
        {
          "type": "icon",
          "assetId": "1GoaMUBwamwmwG",
          "checksum": "87e7a445b76d492eedc928875daba479"
        },
        {
          "type": "image",
          "assetId": "aEg8T_8VPSH4wY",
          "checksum": "f17e655c9f4524df4fc6a11f2cebd01e"
        },
        {
          "type": "image",
          "assetId": "jlFeNzJyyFUpab",
          "checksum": "405626e2ab7cdcb1fb541f4918536814"
        },
        {
          "type": "image",
          "assetId": "8WRuY5MeNyS4eQ",
          "checksum": "4c58de218f18a18b5e1a38e8502c6c5a"
        },
        {
          "type": "image",
          "assetId": "Uph8F0tFc98go7",
          "checksum": "19447aea9093ee33f0901acd4d0e9c22"
        },
        {
          "type": "image",
          "assetId": "gcizGdS4qRtGcC",
          "checksum": "08e552e5005630949f8fbe5c4a722f4c"
        },
        {
          "type": "image",
          "assetId": "9UVjrF0Q1_-35z",
          "checksum": "0a70eb0cd33a068c5bdeb4e25ee90aad"
        },
        {
          "type": "image",
          "assetId": "40NsnaQI_Nl90b",
          "checksum": "d1a89c3a798a26a1a79f665f3bf56947"
        },
        {
          "type": "image",
          "assetId": "DC3zC3BsDSGvOj",
          "checksum": "9575de2a57130f639dcf757165b5698d"
        },
        {
          "type": "image",
          "assetId": "qKqTv-E8x",
          "checksum": "958338886623c9d8512ba755d972f3ed"
        }
      ],
      "codegenVersion": "0.0.1"
    }
  ],
  "cliVersion": "0.1.176"
}
